
Microsoft Visual Studio Solution File, Format Version 12.00
# Visual Studio Version 16
VisualStudioVersion = 16.0.31624.102
MinimumVisualStudioVersion = 10.0.40219.1
Project("{FAE04EC0-301F-11D3-BF4B-00C04F79EFBC}") = "IncomeEmployee", "IncomeEmployee\IncomeEmployee.csproj", "{EF9B91B4-7B9E-42BC-9BE1-E0A1DCBADF48}"
EndProject
Global
	GlobalSection(SolutionConfigurationPlatforms) = preSolution
		Debug|Any CPU = Debug|Any CPU
		Release|Any CPU = Release|Any CPU
	EndGlobalSection
	GlobalSection(ProjectConfigurationPlatforms) = postSolution
		{EF9B91B4-7B9E-42BC-9BE1-E0A1DCBADF48}.Debug|Any CPU.ActiveCfg = Debug|Any CPU
		{EF9B91B4-7B9E-42BC-9BE1-E0A1DCBADF48}.Debug|Any CPU.Build.0 = Debug|Any CPU
		{EF9B91B4-7B9E-42BC-9BE1-E0A1DCBADF48}.Release|Any CPU.ActiveCfg = Release|Any CPU
		{EF9B91B4-7B9E-42BC-9BE1-E0A1DCBADF48}.Release|Any CPU.Build.0 = Release|Any CPU
	EndGlobalSection
	GlobalSection(SolutionProperties) = preSolution
		HideSolutionNode = FALSE
	EndGlobalSection
	GlobalSection(ExtensibilityGlobals) = postSolution
		SolutionGuid = {0BAD7D5C-3F96-4E29-9622-55E1413E1D6F}
	EndGlobalSection
EndGlobal
